
Microsoft Visual Studio Solution File, Format Version 12.00
# Visual Studio 2012
Project("{FAE04EC0-301F-11D3-BF4B-00C04F79EFBC}") = "TourMe", "WebApplication3\TourMe.csproj", "{A1F63366-04C7-4F25-AD50-BAEB12362C40}"
EndProject
Project("{FAE04EC0-301F-11D3-BF4B-00C04F79EFBC}") = "Clases", "ClassLibrary2\Clases.csproj", "{989FE69A-15BA-40C2-AC1B-3FDE105FFC46}"
EndProject
Global
	GlobalSection(SolutionConfigurationPlatforms) = preSolution
		Debug|Any CPU = Debug|Any CPU
		Release|Any CPU = Release|Any CPU
	EndGlobalSection
	GlobalSection(ProjectConfigurationPlatforms) = postSolution
		{A1F63366-04C7-4F25-AD50-BAEB12362C40}.Debug|Any CPU.ActiveCfg = Debug|Any CPU
		{A1F63366-04C7-4F25-AD50-BAEB12362C40}.Debug|Any CPU.Build.0 = Debug|Any CPU
		{A1F63366-04C7-4F25-AD50-BAEB12362C40}.Release|Any CPU.ActiveCfg = Release|Any CPU
		{A1F63366-04C7-4F25-AD50-BAEB12362C40}.Release|Any CPU.Build.0 = Release|Any CPU
		{989FE69A-15BA-40C2-AC1B-3FDE105FFC46}.Debug|Any CPU.ActiveCfg = Debug|Any CPU
		{989FE69A-15BA-40C2-AC1B-3FDE105FFC46}.Debug|Any CPU.Build.0 = Debug|Any CPU
		{989FE69A-15BA-40C2-AC1B-3FDE105FFC46}.Release|Any CPU.ActiveCfg = Release|Any CPU
		{989FE69A-15BA-40C2-AC1B-3FDE105FFC46}.Release|Any CPU.Build.0 = Release|Any CPU
	EndGlobalSection
	GlobalSection(SolutionProperties) = preSolution
		HideSolutionNode = FALSE
	EndGlobalSection
EndGlobal
